Microsoft Visual Studio Solution File, Format Version 12.00
# Visual Studio Version 17
VisualStudioVersion = 17.1.32210.238
MinimumVisualStudioVersion = 10.0.40219.1
Project("{9A19103F-16F7-4668-BE54-9A1E7A4F7556}") = "Extractor", "Extractor\Extractor.csproj", "{05A543F7-06ED-41FF-BC48-0E7FBD2BB3CF}"
EndProject
Project("{9A19103F-16F7-4668-BE54-9A1E7A4F7556}") = "Test", "Test\Test.csproj", "{F853916C-CA29-48F9-99BF-3482B07CC85B}"
EndProject
Project("{2150E333-8FDC-42A3-9474-1A3956D46DE8}") = "Misc", "Misc", "{F9D856F4-28DD-4A99-A325-E37860B8FDB4}"
	ProjectSection(SolutionItems) = preProject
		.gitignore = .gitignore
		CHANGELOG.md = CHANGELOG.md
		CONTRIBUTORS.md = CONTRIBUTORS.md
		Dockerfile = Dockerfile
		Dockerfile.bridge = Dockerfile.bridge
		Dockerfile.bridge.build = Dockerfile.bridge.build
		Dockerfile.build = Dockerfile.build
		LICENSE.md = LICENSE.md
		manifest.yml = manifest.yml
		README.md = README.md
		release.sh = release.sh
		test.sh = test.sh
	EndProjectSection
EndProject
Project("{9A19103F-16F7-4668-BE54-9A1E7A4F7556}") = "ConfigurationTool", "ConfigurationTool\ConfigurationTool.csproj", "{F9A30D7C-1F8D-41F2-9A84-26C2B86DCDBE}"
EndProject
Project("{9A19103F-16F7-4668-BE54-9A1E7A4F7556}") = "ExtractorLauncher", "ExtractorLauncher\ExtractorLauncher.csproj", "{0F78788D-DC43-4323-9208-FA59BC2C973A}"
EndProject
Project("{930C7802-8A8C-48F9-8165-68863BCCD9DD}") = "OpcUaExtractorSetup", "OpcUaExtractorSetup\OpcUaExtractorSetup.wixproj", "{D5FB684A-8DC0-4AAC-B9E3-00AC6E7A56F5}"
EndProject
Project("{FAE04EC0-301F-11D3-BF4B-00C04F79EFBC}") = "OpcUaServiceManager", "OpcUaServiceManager\OpcUaServiceManager.csproj", "{FECDD1D7-DB45-4D16-ACE4-910B42929268}"
EndProject
Project("{9A19103F-16F7-4668-BE54-9A1E7A4F7556}") = "MQTTCDFBridge", "MQTTCDFBridge\MQTTCDFBridge.csproj", "{55AE37FE-FD6E-499F-B3B1-C1DF1BE054FB}"
EndProject
Project("{9A19103F-16F7-4668-BE54-9A1E7A4F7556}") = "Server", "Server\Server.csproj", "{D09006EE-E2D3-4C0B-8699-693E6F4F4A8B}"
EndProject
Project("{2150E333-8FDC-42A3-9474-1A3956D46DE8}") = "Solution Items", "Solution Items", "{6EE505C7-565B-4D0F-BCCA-A2D33DB8547A}"
	ProjectSection(SolutionItems) = preProject
		.editorconfig = .editorconfig
	EndProjectSection
EndProject
Project("{2150E333-8FDC-42A3-9474-1A3956D46DE8}") = ".github", ".github", "{BE79E646-2AD9-47EF-BE33-0F08A9AFB9A7}"
	ProjectSection(SolutionItems) = preProject
		.github\workflows\build-and-test.yml = .github\workflows\build-and-test.yml
		.github\workflows\common.yml = .github\workflows\common.yml
		.github\workflows\release.yml = .github\workflows\release.yml
	EndProjectSection
EndProject
Project("{2150E333-8FDC-42A3-9474-1A3956D46DE8}") = "schema", "schema", "{54673CD4-18CD-4F07-9036-A32598F16ECC}"
	ProjectSection(SolutionItems) = preProject
		schema\cognite_config.schema.json = schema\cognite_config.schema.json
		schema\continuation_point_throttling.schema.json = schema\continuation_point_throttling.schema.json
		schema\event_config.schema.json = schema\event_config.schema.json
		schema\extraction_config.schema.json = schema\extraction_config.schema.json
		schema\failure_buffer_config.schema.json = schema\failure_buffer_config.schema.json
		schema\full_config.schema.json = schema\full_config.schema.json
		schema\history_config.schema.json = schema\history_config.schema.json
		schema\influx_config.schema.json = schema\influx_config.schema.json
		schema\logger_config.schema.json = schema\logger_config.schema.json
		schema\metrics_config.schema.json = schema\metrics_config.schema.json
		schema\mqtt_config.schema.json = schema\mqtt_config.schema.json
		schema\proto_node_id.schema.json = schema\proto_node_id.schema.json
		schema\source_config.schema.json = schema\source_config.schema.json
		schema\state_storage_config.schema.json = schema\state_storage_config.schema.json
		schema\subscription_config.schema.json = schema\subscription_config.schema.json
		schema\ua_retries_config.schema.json = schema\ua_retries_config.schema.json
	EndProjectSection
EndProject
Global
	GlobalSection(SolutionConfigurationPlatforms) = preSolution
		Debug|Any CPU = Debug|Any CPU
		Debug|x86 = Debug|x86
		Release|Any CPU = Release|Any CPU
		Release|x86 = Release|x86
	EndGlobalSection
	GlobalSection(ProjectConfigurationPlatforms) = postSolution
		{05A543F7-06ED-41FF-BC48-0E7FBD2BB3CF}.Debug|Any CPU.ActiveCfg = Debug|Any CPU
		{05A543F7-06ED-41FF-BC48-0E7FBD2BB3CF}.Debug|Any CPU.Build.0 = Debug|Any CPU
		{05A543F7-06ED-41FF-BC48-0E7FBD2BB3CF}.Debug|x86.ActiveCfg = Debug|Any CPU
		{05A543F7-06ED-41FF-BC48-0E7FBD2BB3CF}.Debug|x86.Build.0 = Debug|Any CPU
		{05A543F7-06ED-41FF-BC48-0E7FBD2BB3CF}.Release|Any CPU.ActiveCfg = Release|Any CPU
		{05A543F7-06ED-41FF-BC48-0E7FBD2BB3CF}.Release|Any CPU.Build.0 = Release|Any CPU
		{05A543F7-06ED-41FF-BC48-0E7FBD2BB3CF}.Release|x86.ActiveCfg = Release|Any CPU
		{05A543F7-06ED-41FF-BC48-0E7FBD2BB3CF}.Release|x86.Build.0 = Release|Any CPU
		{F853916C-CA29-48F9-99BF-3482B07CC85B}.Debug|Any CPU.ActiveCfg = Debug|Any CPU
		{F853916C-CA29-48F9-99BF-3482B07CC85B}.Debug|Any CPU.Build.0 = Debug|Any CPU
		{F853916C-CA29-48F9-99BF-3482B07CC85B}.Debug|x86.ActiveCfg = Debug|Any CPU
		{F853916C-CA29-48F9-99BF-3482B07CC85B}.Debug|x86.Build.0 = Debug|Any CPU
		{F853916C-CA29-48F9-99BF-3482B07CC85B}.Release|Any CPU.ActiveCfg = Release|Any CPU
		{F853916C-CA29-48F9-99BF-3482B07CC85B}.Release|Any CPU.Build.0 = Release|Any CPU
		{F853916C-CA29-48F9-99BF-3482B07CC85B}.Release|x86.ActiveCfg = Release|Any CPU
		{F853916C-CA29-48F9-99BF-3482B07CC85B}.Release|x86.Build.0 = Release|Any CPU
		{F9A30D7C-1F8D-41F2-9A84-26C2B86DCDBE}.Debug|Any CPU.ActiveCfg = Debug|Any CPU
		{F9A30D7C-1F8D-41F2-9A84-26C2B86DCDBE}.Debug|Any CPU.Build.0 = Debug|Any CPU
		{F9A30D7C-1F8D-41F2-9A84-26C2B86DCDBE}.Debug|x86.ActiveCfg = Debug|Any CPU
		{F9A30D7C-1F8D-41F2-9A84-26C2B86DCDBE}.Debug|x86.Build.0 = Debug|Any CPU
		{F9A30D7C-1F8D-41F2-9A84-26C2B86DCDBE}.Release|Any CPU.ActiveCfg = Release|Any CPU
		{F9A30D7C-1F8D-41F2-9A84-26C2B86DCDBE}.Release|Any CPU.Build.0 = Release|Any CPU
		{F9A30D7C-1F8D-41F2-9A84-26C2B86DCDBE}.Release|x86.ActiveCfg = Release|Any CPU
		{F9A30D7C-1F8D-41F2-9A84-26C2B86DCDBE}.Release|x86.Build.0 = Release|Any CPU
		{0F78788D-DC43-4323-9208-FA59BC2C973A}.Debug|Any CPU.ActiveCfg = Debug|Any CPU
		{0F78788D-DC43-4323-9208-FA59BC2C973A}.Debug|Any CPU.Build.0 = Debug|Any CPU
		{0F78788D-DC43-4323-9208-FA59BC2C973A}.Debug|x86.ActiveCfg = Debug|Any CPU
		{0F78788D-DC43-4323-9208-FA59BC2C973A}.Debug|x86.Build.0 = Debug|Any CPU
		{0F78788D-DC43-4323-9208-FA59BC2C973A}.Release|Any CPU.ActiveCfg = Release|Any CPU
		{0F78788D-DC43-4323-9208-FA59BC2C973A}.Release|Any CPU.Build.0 = Release|Any CPU
		{0F78788D-DC43-4323-9208-FA59BC2C973A}.Release|x86.ActiveCfg = Release|Any CPU
		{0F78788D-DC43-4323-9208-FA59BC2C973A}.Release|x86.Build.0 = Release|Any CPU
		{D5FB684A-8DC0-4AAC-B9E3-00AC6E7A56F5}.Debug|Any CPU.ActiveCfg = Debug|x86
		{D5FB684A-8DC0-4AAC-B9E3-00AC6E7A56F5}.Debug|x86.ActiveCfg = Debug|x86
		{D5FB684A-8DC0-4AAC-B9E3-00AC6E7A56F5}.Debug|x86.Build.0 = Debug|x86
		{D5FB684A-8DC0-4AAC-B9E3-00AC6E7A56F5}.Release|Any CPU.ActiveCfg = Release|x86
		{D5FB684A-8DC0-4AAC-B9E3-00AC6E7A56F5}.Release|x86.ActiveCfg = Release|x86
		{D5FB684A-8DC0-4AAC-B9E3-00AC6E7A56F5}.Release|x86.Build.0 = Release|x86
		{FECDD1D7-DB45-4D16-ACE4-910B42929268}.Debug|Any CPU.ActiveCfg = Debug|Any CPU
		{FECDD1D7-DB45-4D16-ACE4-910B42929268}.Debug|Any CPU.Build.0 = Debug|Any CPU
		{FECDD1D7-DB45-4D16-ACE4-910B42929268}.Debug|x86.ActiveCfg = Debug|Any CPU
		{FECDD1D7-DB45-4D16-ACE4-910B42929268}.Debug|x86.Build.0 = Debug|Any CPU
		{FECDD1D7-DB45-4D16-ACE4-910B42929268}.Release|Any CPU.ActiveCfg = Release|Any CPU
		{FECDD1D7-DB45-4D16-ACE4-910B42929268}.Release|Any CPU.Build.0 = Release|Any CPU
		{FECDD1D7-DB45-4D16-ACE4-910B42929268}.Release|x86.ActiveCfg = Release|Any CPU
		{FECDD1D7-DB45-4D16-ACE4-910B42929268}.Release|x86.Build.0 = Release|Any CPU
		{55AE37FE-FD6E-499F-B3B1-C1DF1BE054FB}.Debug|Any CPU.ActiveCfg = Debug|Any CPU
		{55AE37FE-FD6E-499F-B3B1-C1DF1BE054FB}.Debug|Any CPU.Build.0 = Debug|Any CPU
		{55AE37FE-FD6E-499F-B3B1-C1DF1BE054FB}.Debug|x86.ActiveCfg = Debug|Any CPU
		{55AE37FE-FD6E-499F-B3B1-C1DF1BE054FB}.Debug|x86.Build.0 = Debug|Any CPU
		{55AE37FE-FD6E-499F-B3B1-C1DF1BE054FB}.Release|Any CPU.ActiveCfg = Release|Any CPU
		{55AE37FE-FD6E-499F-B3B1-C1DF1BE054FB}.Release|Any CPU.Build.0 = Release|Any CPU
		{55AE37FE-FD6E-499F-B3B1-C1DF1BE054FB}.Release|x86.ActiveCfg = Release|Any CPU
		{55AE37FE-FD6E-499F-B3B1-C1DF1BE054FB}.Release|x86.Build.0 = Release|Any CPU
		{D09006EE-E2D3-4C0B-8699-693E6F4F4A8B}.Debug|Any CPU.ActiveCfg = Debug|Any CPU
		{D09006EE-E2D3-4C0B-8699-693E6F4F4A8B}.Debug|Any CPU.Build.0 = Debug|Any CPU
		{D09006EE-E2D3-4C0B-8699-693E6F4F4A8B}.Debug|x86.ActiveCfg = Debug|Any CPU
		{D09006EE-E2D3-4C0B-8699-693E6F4F4A8B}.Debug|x86.Build.0 = Debug|Any CPU
		{D09006EE-E2D3-4C0B-8699-693E6F4F4A8B}.Release|Any CPU.ActiveCfg = Release|Any CPU
		{D09006EE-E2D3-4C0B-8699-693E6F4F4A8B}.Release|Any CPU.Build.0 = Release|Any CPU
		{D09006EE-E2D3-4C0B-8699-693E6F4F4A8B}.Release|x86.ActiveCfg = Release|Any CPU
		{D09006EE-E2D3-4C0B-8699-693E6F4F4A8B}.Release|x86.Build.0 = Release|Any CPU
	EndGlobalSection
	GlobalSection(SolutionProperties) = preSolution
		HideSolutionNode = FALSE
	EndGlobalSection
	GlobalSection(NestedProjects) = preSolution
		{BE79E646-2AD9-47EF-BE33-0F08A9AFB9A7} = {F9D856F4-28DD-4A99-A325-E37860B8FDB4}
		{54673CD4-18CD-4F07-9036-A32598F16ECC} = {F9D856F4-28DD-4A99-A325-E37860B8FDB4}
	EndGlobalSection
	GlobalSection(ExtensibilityGlobals) = postSolution
		SolutionGuid = {801363C6-DCE6-4CA6-9935-27119F06737B}
	EndGlobalSection
EndGlobal
